
Microsoft Visual Studio Solution File, Format Version 12.00
# Visual Studio Version 17
VisualStudioVersion = 17.9.34723.18
MinimumVisualStudioVersion = 10.0.40219.1
Project("{FAE04EC0-301F-11D3-BF4B-00C04F79EFBC}") = "SchedulerApp", "SchedulerApp\SchedulerApp.csproj", "{62CED2F5-212D-493A-9B9A-D1B74B5E7685}"
EndProject
Global
	GlobalSection(SolutionConfigurationPlatforms) = preSolution
		Debug|Any CPU = Debug|Any CPU
		Release|Any CPU = Release|Any CPU
	EndGlobalSection
	GlobalSection(ProjectConfigurationPlatforms) = postSolution
		{62CED2F5-212D-493A-9B9A-D1B74B5E7685}.Debug|Any CPU.ActiveCfg = Debug|Any CPU
		{62CED2F5-212D-493A-9B9A-D1B74B5E7685}.Debug|Any CPU.Build.0 = Debug|Any CPU
		{62CED2F5-212D-493A-9B9A-D1B74B5E7685}.Release|Any CPU.ActiveCfg = Release|Any CPU
		{62CED2F5-212D-493A-9B9A-D1B74B5E7685}.Release|Any CPU.Build.0 = Release|Any CPU
	EndGlobalSection
	GlobalSection(SolutionProperties) = preSolution
		HideSolutionNode = FALSE
	EndGlobalSection
	GlobalSection(ExtensibilityGlobals) = postSolution
		SolutionGuid = {2178D2AB-7F8B-4FBC-B455-D272B73B1579}
	EndGlobalSection
EndGlobal
